
Microsoft Visual Studio Solution File, Format Version 12.00
Project("{FAE04EC0-301F-11D3-BF4B-00C04F79EFBC}") = "Mission06_Wells", "Mission06_Wells\Mission06_Wells.csproj", "{DDDEEF3B-558C-4646-82F0-A1C4833F5555}"
EndProject
Global
	GlobalSection(SolutionConfigurationPlatforms) = preSolution
		Debug|Any CPU = Debug|Any CPU
		Release|Any CPU = Release|Any CPU
	EndGlobalSection
	GlobalSection(ProjectConfigurationPlatforms) = postSolution
		{DDDEEF3B-558C-4646-82F0-A1C4833F5555}.Debug|Any CPU.ActiveCfg = Debug|Any CPU
		{DDDEEF3B-558C-4646-82F0-A1C4833F5555}.Debug|Any CPU.Build.0 = Debug|Any CPU
		{DDDEEF3B-558C-4646-82F0-A1C4833F5555}.Release|Any CPU.ActiveCfg = Release|Any CPU
		{DDDEEF3B-558C-4646-82F0-A1C4833F5555}.Release|Any CPU.Build.0 = Release|Any CPU
	EndGlobalSection
EndGlobal
